
Microsoft Visual Studio Solution File, Format Version 12.00
# Visual Studio Version 17
VisualStudioVersion = 17.8.34525.116
MinimumVisualStudioVersion = 10.0.40219.1
Project("{F184B08F-C81C-45F6-A57F-5ABD9991F28F}") = "SiPe_YPK_Rx", "SiPe_YPK_Rx.vbproj", "{7C32B820-DC23-4751-9040-9EC6A3912F8C}"
EndProject
Global
	GlobalSection(SolutionConfigurationPlatforms) = preSolution
		Debug|Any CPU = Debug|Any CPU
		Release|Any CPU = Release|Any CPU
	EndGlobalSection
	GlobalSection(ProjectConfigurationPlatforms) = postSolution
		{7C32B820-DC23-4751-9040-9EC6A3912F8C}.Debug|Any CPU.ActiveCfg = Debug|Any CPU
		{7C32B820-DC23-4751-9040-9EC6A3912F8C}.Debug|Any CPU.Build.0 = Debug|Any CPU
		{7C32B820-DC23-4751-9040-9EC6A3912F8C}.Release|Any CPU.ActiveCfg = Release|Any CPU
		{7C32B820-DC23-4751-9040-9EC6A3912F8C}.Release|Any CPU.Build.0 = Release|Any CPU
	EndGlobalSection
	GlobalSection(SolutionProperties) = preSolution
		HideSolutionNode = FALSE
	EndGlobalSection
	GlobalSection(ExtensibilityGlobals) = postSolution
		SolutionGuid = {2BE6126F-ECA5-4875-B2B7-6CDDADFE8647}
	EndGlobalSection
EndGlobal
